// !$*UTF8*$!
{
	archiveVersion = 1;
	classes = {
	};
	objectVersion = 50;
	objects = {

/* Begin PBXBuildFile section */
		7D3FECD821CC168E00996F97 /* RegistrationController.swift in Sources */ = {isa = PBXBuildFile; fileRef = 7D3FECD721CC168E00996F97 /* RegistrationController.swift */; };
		7D3FECDA21CC242100996F97 /* RegistrationTextField.swift in Sources */ = {isa = PBXBuildFile; fileRef = 7D3FECD921CC242100996F97 /* RegistrationTextField.swift */; };
		7D3FECDC21CC273600996F97 /* RegistrationView.swift in Sources */ = {isa = PBXBuildFile; fileRef = 7D3FECDB21CC273600996F97 /* RegistrationView.swift */; };
		7D3FECE121CC31C400996F97 /* RegistrationViewModel.swift in Sources */ = {isa = PBXBuildFile; fileRef = 7D3FECE021CC31C400996F97 /* RegistrationViewModel.swift */; };
		7D3FECE321CC46D200996F97 /* GoogleService-Info.plist in Resources */ = {isa = PBXBuildFile; fileRef = 7D3FECE221CC46D200996F97 /* GoogleService-Info.plist */; };
		7D6A036421D0166C00B672CA /* AgeRangeCell.swift in Sources */ = {isa = PBXBuildFile; fileRef = 7D6A036321D0166C00B672CA /* AgeRangeCell.swift */; };
		7D6A036621D0261B00B672CA /* LoginController.swift in Sources */ = {isa = PBXBuildFile; fileRef = 7D6A036521D0261B00B672CA /* LoginController.swift */; };
		7D6A036821D0265B00B672CA /* LoginViewModel.swift in Sources */ = {isa = PBXBuildFile; fileRef = 7D6A036721D0265B00B672CA /* LoginViewModel.swift */; };
		7D6A036A21D0568200B672CA /* LoginView.swift in Sources */ = {isa = PBXBuildFile; fileRef = 7D6A036921D0568200B672CA /* LoginView.swift */; };
		7D6A036D21D066AB00B672CA /* UserDetailsController.swift in Sources */ = {isa = PBXBuildFile; fileRef = 7D6A036C21D066AB00B672CA /* UserDetailsController.swift */; };
		7D6FA10321CC76F900C3C2D2 /* Bindable.swift in Sources */ = {isa = PBXBuildFile; fileRef = 7D6FA10221CC76F900C3C2D2 /* Bindable.swift */; };
		7D6FA10621CD682200C3C2D2 /* ProfileController.swift in Sources */ = {isa = PBXBuildFile; fileRef = 7D6FA10521CD682200C3C2D2 /* ProfileController.swift */; };
		7D6FA10821CD71A500C3C2D2 /* ProfileImageButton.swift in Sources */ = {isa = PBXBuildFile; fileRef = 7D6FA10721CD71A500C3C2D2 /* ProfileImageButton.swift */; };
		7D6FA10C21CD79AA00C3C2D2 /* ProfileSectionLabel.swift in Sources */ = {isa = PBXBuildFile; fileRef = 7D6FA10B21CD79AA00C3C2D2 /* ProfileSectionLabel.swift */; };
		7D6FA10E21CD7B1B00C3C2D2 /* ProfileCell.swift in Sources */ = {isa = PBXBuildFile; fileRef = 7D6FA10D21CD7B1B00C3C2D2 /* ProfileCell.swift */; };
		7D6FA11021CD7BF400C3C2D2 /* ProfileTextField.swift in Sources */ = {isa = PBXBuildFile; fileRef = 7D6FA10F21CD7BF400C3C2D2 /* ProfileTextField.swift */; };
		7DBF4B5221CACB6D00648190 /* AppDelegate.swift in Sources */ = {isa = PBXBuildFile; fileRef = 7DBF4B5121CACB6D00648190 /* AppDelegate.swift */; };
		7DBF4B5421CACB6D00648190 /* HomeController.swift in Sources */ = {isa = PBXBuildFile; fileRef = 7DBF4B5321CACB6D00648190 /* HomeController.swift */; };
		7DBF4B5921CACB6E00648190 /* Assets.xcassets in Resources */ = {isa = PBXBuildFile; fileRef = 7DBF4B5821CACB6E00648190 /* Assets.xcassets */; };
		7DBF4B5C21CACB6E00648190 /* LaunchScreen.storyboard in Resources */ = {isa = PBXBuildFile; fileRef = 7DBF4B5A21CACB6E00648190 /* LaunchScreen.storyboard */; };
		7DBF4B6421CAD37800648190 /* Extensions+UIView.swift in Sources */ = {isa = PBXBuildFile; fileRef = 7DBF4B6321CAD37800648190 /* Extensions+UIView.swift */; };
		7DBF4B6921CAD4B600648190 /* TopNavigationStackView.swift in Sources */ = {isa = PBXBuildFile; fileRef = 7DBF4B6821CAD4B600648190 /* TopNavigationStackView.swift */; };
		7DBF4B6B21CAD98500648190 /* BottomNavigationStackView.swift in Sources */ = {isa = PBXBuildFile; fileRef = 7DBF4B6A21CAD98500648190 /* BottomNavigationStackView.swift */; };
		7DBF4B6D21CAE2EE00648190 /* CardView.swift in Sources */ = {isa = PBXBuildFile; fileRef = 7DBF4B6C21CAE2EE00648190 /* CardView.swift */; };
		7DDC53F721CB26700061FD94 /* User.swift in Sources */ = {isa = PBXBuildFile; fileRef = 7DDC53F621CB26700061FD94 /* User.swift */; };
		7DDC53FA21CB2A0D0061FD94 /* CardViewModel.swift in Sources */ = {isa = PBXBuildFile; fileRef = 7DDC53F921CB2A0D0061FD94 /* CardViewModel.swift */; };
		7DDC53FC21CB343F0061FD94 /* Advertiser.swift in Sources */ = {isa = PBXBuildFile; fileRef = 7DDC53FB21CB343F0061FD94 /* Advertiser.swift */; };
		CF79951F4514BEE6B6FC637C /* Pods_Tinder.framework in Frameworks */ = {isa = PBXBuildFile; fileRef = E099113FCDED8F50ED8E66BD /* Pods_Tinder.framework */; };
/* End PBXBuildFile section */

/* Begin PBXFileReference section */
		13ED7EAA30A4FF18B5C98362 /* Pods-Tinder.release.xcconfig */ = {isa = PBXFileReference; includeInIndex = 1; lastKnownFileType = text.xcconfig; name = "Pods-Tinder.release.xcconfig"; path = "Pods/Target Support Files/Pods-Tinder/Pods-Tinder.release.xcconfig"; sourceTree = "<group>"; };
		7D3FECD721CC168E00996F97 /* RegistrationController.swift */ = {isa = PBXFileReference; lastKnownFileType = sourcecode.swift; path = RegistrationController.swift; sourceTree = "<group>"; };
		7D3FECD921CC242100996F97 /* RegistrationTextField.swift */ = {isa = PBXFileReference; lastKnownFileType = sourcecode.swift; path = RegistrationTextField.swift; sourceTree = "<group>"; };
		7D3FECDB21CC273600996F97 /* RegistrationView.swift */ = {isa = PBXFileReference; lastKnownFileType = sourcecode.swift; path = RegistrationView.swift; sourceTree = "<group>"; };
		7D3FECE021CC31C400996F97 /* RegistrationViewModel.swift */ = {isa = PBXFileReference; lastKnownFileType = sourcecode.swift; path = RegistrationViewModel.swift; sourceTree = "<group>"; };
		7D3FECE221CC46D200996F97 /* GoogleService-Info.plist */ = {isa = PBXFileReference; fileEncoding = 4; lastKnownFileType = text.plist.xml; path = "GoogleService-Info.plist"; sourceTree = "<group>"; };
		7D6A036321D0166C00B672CA /* AgeRangeCell.swift */ = {isa = PBXFileReference; lastKnownFileType = sourcecode.swift; path = AgeRangeCell.swift; sourceTree = "<group>"; };
		7D6A036521D0261B00B672CA /* LoginController.swift */ = {isa = PBXFileReference; lastKnownFileType = sourcecode.swift; path = LoginController.swift; sourceTree = "<group>"; };
		7D6A036721D0265B00B672CA /* LoginViewModel.swift */ = {isa = PBXFileReference; lastKnownFileType = sourcecode.swift; path = LoginViewModel.swift; sourceTree = "<group>"; };
		7D6A036921D0568200B672CA /* LoginView.swift */ = {isa = PBXFileReference; lastKnownFileType = sourcecode.swift; path = LoginView.swift; sourceTree = "<group>"; };
		7D6A036C21D066AB00B672CA /* UserDetailsController.swift */ = {isa = PBXFileReference; lastKnownFileType = sourcecode.swift; path = UserDetailsController.swift; sourceTree = "<group>"; };
		7D6FA10221CC76F900C3C2D2 /* Bindable.swift */ = {isa = PBXFileReference; lastKnownFileType = sourcecode.swift; path = Bindable.swift; sourceTree = "<group>"; };
		7D6FA10521CD682200C3C2D2 /* ProfileController.swift */ = {isa = PBXFileReference; lastKnownFileType = sourcecode.swift; path = ProfileController.swift; sourceTree = "<group>"; };
		7D6FA10721CD71A500C3C2D2 /* ProfileImageButton.swift */ = {isa = PBXFileReference; lastKnownFileType = sourcecode.swift; path = ProfileImageButton.swift; sourceTree = "<group>"; };
		7D6FA10B21CD79AA00C3C2D2 /* ProfileSectionLabel.swift */ = {isa = PBXFileReference; lastKnownFileType = sourcecode.swift; path = ProfileSectionLabel.swift; sourceTree = "<group>"; };
		7D6FA10D21CD7B1B00C3C2D2 /* ProfileCell.swift */ = {isa = PBXFileReference; lastKnownFileType = sourcecode.swift; path = ProfileCell.swift; sourceTree = "<group>"; };
		7D6FA10F21CD7BF400C3C2D2 /* ProfileTextField.swift */ = {isa = PBXFileReference; lastKnownFileType = sourcecode.swift; path = ProfileTextField.swift; sourceTree = "<group>"; };
		7DBF4B4E21CACB6D00648190 /* Tinder.app */ = {isa = PBXFileReference; explicitFileType = wrapper.application; includeInIndex = 0; path = Tinder.app; sourceTree = BUILT_PRODUCTS_DIR; };
		7DBF4B5121CACB6D00648190 /* AppDelegate.swift */ = {isa = PBXFileReference; lastKnownFileType = sourcecode.swift; path = AppDelegate.swift; sourceTree = "<group>"; };
		7DBF4B5321CACB6D00648190 /* HomeController.swift */ = {isa = PBXFileReference; lastKnownFileType = sourcecode.swift; path = HomeController.swift; sourceTree = "<group>"; };
		7DBF4B5821CACB6E00648190 /* Assets.xcassets */ = {isa = PBXFileReference; lastKnownFileType = folder.assetcatalog; path = Assets.xcassets; sourceTree = "<group>"; };
		7DBF4B5B21CACB6E00648190 /* Base */ = {isa = PBXFileReference; lastKnownFileType = file.storyboard; name = Base; path = Base.lproj/LaunchScreen.storyboard; sourceTree = "<group>"; };
		7DBF4B5D21CACB6E00648190 /* Info.plist */ = {isa = PBXFileReference; lastKnownFileType = text.plist.xml; path = Info.plist; sourceTree = "<group>"; };
		7DBF4B6321CAD37800648190 /* Extensions+UIView.swift */ = {isa = PBXFileReference; fileEncoding = 4; lastKnownFileType = sourcecode.swift; path = "Extensions+UIView.swift"; sourceTree = "<group>"; };
		7DBF4B6821CAD4B600648190 /* TopNavigationStackView.swift */ = {isa = PBXFileReference; lastKnownFileType = sourcecode.swift; path = TopNavigationStackView.swift; sourceTree = "<group>"; };
		7DBF4B6A21CAD98500648190 /* BottomNavigationStackView.swift */ = {isa = PBXFileReference; lastKnownFileType = sourcecode.swift; path = BottomNavigationStackView.swift; sourceTree = "<group>"; };
		7DBF4B6C21CAE2EE00648190 /* CardView.swift */ = {isa = PBXFileReference; lastKnownFileType = sourcecode.swift; path = CardView.swift; sourceTree = "<group>"; };
		7DDC53F621CB26700061FD94 /* User.swift */ = {isa = PBXFileReference; lastKnownFileType = sourcecode.swift; path = User.swift; sourceTree = "<group>"; };
		7DDC53F921CB2A0D0061FD94 /* CardViewModel.swift */ = {isa = PBXFileReference; lastKnownFileType = sourcecode.swift; path = CardViewModel.swift; sourceTree = "<group>"; };
		7DDC53FB21CB343F0061FD94 /* Advertiser.swift */ = {isa = PBXFileReference; lastKnownFileType = sourcecode.swift; path = Advertiser.swift; sourceTree = "<group>"; };
		CAAD1C7EE6DA20BA057D1073 /* Pods-Tinder.debug.xcconfig */ = {isa = PBXFileReference; includeInIndex = 1; lastKnownFileType = text.xcconfig; name = "Pods-Tinder.debug.xcconfig"; path = "Pods/Target Support Files/Pods-Tinder/Pods-Tinder.debug.xcconfig"; sourceTree = "<group>"; };
		E099113FCDED8F50ED8E66BD /* Pods_Tinder.framework */ = {isa = PBXFileReference; explicitFileType = wrapper.framework; includeInIndex = 0; path = Pods_Tinder.framework; sourceTree = BUILT_PRODUCTS_DIR; };
/* End PBXFileReference section */

/* Begin PBXFrameworksBuildPhase section */
		7DBF4B4B21CACB6D00648190 /* Frameworks */ = {
			isa = PBXFrameworksBuildPhase;
			buildActionMask = 2147483647;
			files = (
				CF79951F4514BEE6B6FC637C /* Pods_Tinder.framework in Frameworks */,
			);
			runOnlyForDeploymentPostprocessing = 0;
		};
/* End PBXFrameworksBuildPhase section */

/* Begin PBXGroup section */
		740F337BDEB820585C73FD40 /* Frameworks */ = {
			isa = PBXGroup;
			children = (
				E099113FCDED8F50ED8E66BD /* Pods_Tinder.framework */,
			);
			name = Frameworks;
			sourceTree = "<group>";
		};
		7D3FECD521CC166700996F97 /* Login */ = {
			isa = PBXGroup;
			children = (
				7D6A036921D0568200B672CA /* LoginView.swift */,
				7D6A036721D0265B00B672CA /* LoginViewModel.swift */,
				7D6A036521D0261B00B672CA /* LoginController.swift */,
			);
			path = Login;
			sourceTree = "<group>";
		};
		7D3FECD621CC167E00996F97 /* Registration */ = {
			isa = PBXGroup;
			children = (
				7D3FECDF21CC31B300996F97 /* ViewModels */,
				7D3FECDD21CC277D00996F97 /* Views */,
				7D3FECDE21CC279800996F97 /* Controllers */,
			);
			path = Registration;
			sourceTree = "<group>";
		};
		7D3FECDD21CC277D00996F97 /* Views */ = {
			isa = PBXGroup;
			children = (
				7D3FECDB21CC273600996F97 /* RegistrationView.swift */,
				7D3FECD921CC242100996F97 /* RegistrationTextField.swift */,
			);
			path = Views;
			sourceTree = "<group>";
		};
		7D3FECDE21CC279800996F97 /* Controllers */ = {
			isa = PBXGroup;
			children = (
				7D3FECD721CC168E00996F97 /* RegistrationController.swift */,
			);
			path = Controllers;
			sourceTree = "<group>";
		};
		7D3FECDF21CC31B300996F97 /* ViewModels */ = {
			isa = PBXGroup;
			children = (
				7D3FECE021CC31C400996F97 /* RegistrationViewModel.swift */,
			);
			path = ViewModels;
			sourceTree = "<group>";
		};
		7D6A036B21D0668B00B672CA /* UserDetails */ = {
			isa = PBXGroup;
			children = (
				7D6A036C21D066AB00B672CA /* UserDetailsController.swift */,
			);
			path = UserDetails;
			sourceTree = "<group>";
		};
		7D6FA10421CD680F00C3C2D2 /* Profile */ = {
			isa = PBXGroup;
			children = (
				7D6FA10921CD798B00C3C2D2 /* Views */,
				7D6FA10A21CD799300C3C2D2 /* Controllers */,
			);
			path = Profile;
			sourceTree = "<group>";
		};
		7D6FA10921CD798B00C3C2D2 /* Views */ = {
			isa = PBXGroup;
			children = (
				7D6FA10721CD71A500C3C2D2 /* ProfileImageButton.swift */,
				7D6FA10B21CD79AA00C3C2D2 /* ProfileSectionLabel.swift */,
				7D6FA10D21CD7B1B00C3C2D2 /* ProfileCell.swift */,
				7D6A036321D0166C00B672CA /* AgeRangeCell.swift */,
				7D6FA10F21CD7BF400C3C2D2 /* ProfileTextField.swift */,
			);
			path = Views;
			sourceTree = "<group>";
		};
		7D6FA10A21CD799300C3C2D2 /* Controllers */ = {
			isa = PBXGroup;
			children = (
				7D6FA10521CD682200C3C2D2 /* ProfileController.swift */,
			);
			path = Controllers;
			sourceTree = "<group>";
		};
		7DBF4B4521CACB6C00648190 = {
			isa = PBXGroup;
			children = (
				7DBF4B5021CACB6D00648190 /* Tinder */,
				7DBF4B4F21CACB6D00648190 /* Products */,
				D870F021166D4B82EB91C44D /* Pods */,
				740F337BDEB820585C73FD40 /* Frameworks */,
			);
			sourceTree = "<group>";
		};
		7DBF4B4F21CACB6D00648190 /* Products */ = {
			isa = PBXGroup;
			children = (
				7DBF4B4E21CACB6D00648190 /* Tinder.app */,
			);
			name = Products;
			sourceTree = "<group>";
		};
		7DBF4B5021CACB6D00648190 /* Tinder */ = {
			isa = PBXGroup;
			children = (
				7DBF4B5121CACB6D00648190 /* AppDelegate.swift */,
				7DBF4B6521CAD37C00648190 /* Extensions */,
				7D3FECD621CC167E00996F97 /* Registration */,
				7D3FECD521CC166700996F97 /* Login */,
				7D6FA10421CD680F00C3C2D2 /* Profile */,
				7DBF4B6621CAD48200648190 /* Home */,
				7D6A036B21D0668B00B672CA /* UserDetails */,
				7DBF4B5821CACB6E00648190 /* Assets.xcassets */,
				7DBF4B5A21CACB6E00648190 /* LaunchScreen.storyboard */,
				7DBF4B5D21CACB6E00648190 /* Info.plist */,
				7D3FECE221CC46D200996F97 /* GoogleService-Info.plist */,
			);
			path = Tinder;
			sourceTree = "<group>";
		};
		7DBF4B6521CAD37C00648190 /* Extensions */ = {
			isa = PBXGroup;
			children = (
				7DBF4B6321CAD37800648190 /* Extensions+UIView.swift */,
				7D6FA10221CC76F900C3C2D2 /* Bindable.swift */,
			);
			path = Extensions;
			sourceTree = "<group>";
		};
		7DBF4B6621CAD48200648190 /* Home */ = {
			isa = PBXGroup;
			children = (
				7DDC53F521CB265C0061FD94 /* Model */,
				7DDC53F821CB29EC0061FD94 /* ViewModel */,
				7DBF4B6721CAD49800648190 /* Views */,
				7DBF4B7021CAF3CB00648190 /* Controllers */,
			);
			path = Home;
			sourceTree = "<group>";
		};
		7DBF4B6721CAD49800648190 /* Views */ = {
			isa = PBXGroup;
			children = (
				7DBF4B6C21CAE2EE00648190 /* CardView.swift */,
				7DBF4B6821CAD4B600648190 /* TopNavigationStackView.swift */,
				7DBF4B6A21CAD98500648190 /* BottomNavigationStackView.swift */,
			);
			path = Views;
			sourceTree = "<group>";
		};
		7DBF4B7021CAF3CB00648190 /* Controllers */ = {
			isa = PBXGroup;
			children = (
				7DBF4B5321CACB6D00648190 /* HomeController.swift */,
			);
			path = Controllers;
			sourceTree = "<group>";
		};
		7DDC53F521CB265C0061FD94 /* Model */ = {
			isa = PBXGroup;
			children = (
				7DDC53F621CB26700061FD94 /* User.swift */,
				7DDC53FB21CB343F0061FD94 /* Advertiser.swift */,
			);
			path = Model;
			sourceTree = "<group>";
		};
		7DDC53F821CB29EC0061FD94 /* ViewModel */ = {
			isa = PBXGroup;
			children = (
				7DDC53F921CB2A0D0061FD94 /* CardViewModel.swift */,
			);
			path = ViewModel;
			sourceTree = "<group>";
		};
		D870F021166D4B82EB91C44D /* Pods */ = {
			isa = PBXGroup;
			children = (
				CAAD1C7EE6DA20BA057D1073 /* Pods-Tinder.debug.xcconfig */,
				13ED7EAA30A4FF18B5C98362 /* Pods-Tinder.release.xcconfig */,
			);
			name = Pods;
			sourceTree = "<group>";
		};
/* End PBXGroup section */

/* Begin PBXNativeTarget section */
		7DBF4B4D21CACB6D00648190 /* Tinder */ = {
			isa = PBXNativeTarget;
			buildConfigurationList = 7DBF4B6021CACB6E00648190 /* Build configuration list for PBXNativeTarget "Tinder" */;
			buildPhases = (
				CA05A49014992840ED4D458F /* [CP] Check Pods Manifest.lock */,
				7DBF4B4A21CACB6D00648190 /* Sources */,
				7DBF4B4B21CACB6D00648190 /* Frameworks */,
				7DBF4B4C21CACB6D00648190 /* Resources */,
				1721E3403A07D7FDEC0774E7 /* [CP] Embed Pods Frameworks */,
			);
			buildRules = (
			);
			dependencies = (
			);
			name = Tinder;
			productName = Tinder;
			productReference = 7DBF4B4E21CACB6D00648190 /* Tinder.app */;
			productType = "com.apple.product-type.application";
		};
/* End PBXNativeTarget section */

/* Begin PBXProject section */
		7DBF4B4621CACB6D00648190 /* Project object */ = {
			isa = PBXProject;
			attributes = {
				LastSwiftUpdateCheck = 1010;
				LastUpgradeCheck = 1010;
				ORGANIZATIONNAME = "Jason Ngo";
				TargetAttributes = {
					7DBF4B4D21CACB6D00648190 = {
						CreatedOnToolsVersion = 10.1;
					};
				};
			};
			buildConfigurationList = 7DBF4B4921CACB6D00648190 /* Build configuration list for PBXProject "Tinder" */;
			compatibilityVersion = "Xcode 9.3";
			developmentRegion = en;
			hasScannedForEncodings = 0;
			knownRegions = (
				en,
				Base,
			);
			mainGroup = 7DBF4B4521CACB6C00648190;
			productRefGroup = 7DBF4B4F21CACB6D00648190 /* Products */;
			projectDirPath = "";
			projectRoot = "";
			targets = (
				7DBF4B4D21CACB6D00648190 /* Tinder */,
			);
		};
/* End PBXProject section */

/* Begin PBXResourcesBuildPhase section */
		7DBF4B4C21CACB6D00648190 /* Resources */ = {
			isa = PBXResourcesBuildPhase;
			buildActionMask = 2147483647;
			files = (
				7DBF4B5C21CACB6E00648190 /* LaunchScreen.storyboard in Resources */,
				7DBF4B5921CACB6E00648190 /* Assets.xcassets in Resources */,
				7D3FECE321CC46D200996F97 /* GoogleService-Info.plist in Resources */,
			);
			runOnlyForDeploymentPostprocessing = 0;
		};
/* End PBXResourcesBuildPhase section */

/* Begin PBXShellScriptBuildPhase section */
		1721E3403A07D7FDEC0774E7 /* [CP] Embed Pods Frameworks */ = {
			isa = PBXShellScriptBuildPhase;
			buildActionMask = 2147483647;
			files = (
			);
			inputPaths = (
				"${SRCROOT}/Pods/Target Support Files/Pods-Tinder/Pods-Tinder-frameworks.sh",
				"${BUILT_PRODUCTS_DIR}/BoringSSL-GRPC/openssl_grpc.framework",
				"${BUILT_PRODUCTS_DIR}/GTMSessionFetcher/GTMSessionFetcher.framework",
				"${BUILT_PRODUCTS_DIR}/GoogleUtilities/GoogleUtilities.framework",
				"${BUILT_PRODUCTS_DIR}/JGProgressHUD/JGProgressHUD.framework",
				"${BUILT_PRODUCTS_DIR}/Protobuf/Protobuf.framework",
				"${BUILT_PRODUCTS_DIR}/SDWebImage/SDWebImage.framework",
				"${BUILT_PRODUCTS_DIR}/gRPC/GRPCClient.framework",
				"${BUILT_PRODUCTS_DIR}/gRPC-C++/grpcpp.framework",
				"${BUILT_PRODUCTS_DIR}/gRPC-Core/grpc.framework",
				"${BUILT_PRODUCTS_DIR}/gRPC-ProtoRPC/ProtoRPC.framework",
				"${BUILT_PRODUCTS_DIR}/gRPC-RxLibrary/RxLibrary.framework",
				"${BUILT_PRODUCTS_DIR}/leveldb-library/leveldb.framework",
				"${BUILT_PRODUCTS_DIR}/nanopb/nanopb.framework",
			);
			name = "[CP] Embed Pods Frameworks";
			outputPaths = (
				"${TARGET_BUILD_DIR}/${FRAMEWORKS_FOLDER_PATH}/openssl_grpc.framework",
				"${TARGET_BUILD_DIR}/${FRAMEWORKS_FOLDER_PATH}/GTMSessionFetcher.framework",
				"${TARGET_BUILD_DIR}/${FRAMEWORKS_FOLDER_PATH}/GoogleUtilities.framework",
				"${TARGET_BUILD_DIR}/${FRAMEWORKS_FOLDER_PATH}/JGProgressHUD.framework",
				"${TARGET_BUILD_DIR}/${FRAMEWORKS_FOLDER_PATH}/Protobuf.framework",
				"${TARGET_BUILD_DIR}/${FRAMEWORKS_FOLDER_PATH}/SDWebImage.framework",
				"${TARGET_BUILD_DIR}/${FRAMEWORKS_FOLDER_PATH}/GRPCClient.framework",
				"${TARGET_BUILD_DIR}/${FRAMEWORKS_FOLDER_PATH}/grpcpp.framework",
				"${TARGET_BUILD_DIR}/${FRAMEWORKS_FOLDER_PATH}/grpc.framework",
				"${TARGET_BUILD_DIR}/${FRAMEWORKS_FOLDER_PATH}/ProtoRPC.framework",
				"${TARGET_BUILD_DIR}/${FRAMEWORKS_FOLDER_PATH}/RxLibrary.framework",
				"${TARGET_BUILD_DIR}/${FRAMEWORKS_FOLDER_PATH}/leveldb.framework",
				"${TARGET_BUILD_DIR}/${FRAMEWORKS_FOLDER_PATH}/nanopb.framework",
			);
			runOnlyForDeploymentPostprocessing = 0;
			shellPath = /bin/sh;
			shellScript = "\"${SRCROOT}/Pods/Target Support Files/Pods-Tinder/Pods-Tinder-frameworks.sh\"\n";
			showEnvVarsInLog = 0;
		};
		CA05A49014992840ED4D458F /* [CP] Check Pods Manifest.lock */ = {
			isa = PBXShellScriptBuildPhase;
			buildActionMask = 2147483647;
			files = (
			);
			inputPaths = (
				"${PODS_PODFILE_DIR_PATH}/Podfile.lock",
				"${PODS_ROOT}/Manifest.lock",
			);
			name = "[CP] Check Pods Manifest.lock";
			outputPaths = (
				"$(DERIVED_FILE_DIR)/Pods-Tinder-checkManifestLockResult.txt",
			);
			runOnlyForDeploymentPostprocessing = 0;
			shellPath = /bin/sh;
			shellScript = "diff \"${PODS_PODFILE_DIR_PATH}/Podfile.lock\" \"${PODS_ROOT}/Manifest.lock\" > /dev/null\nif [ $? != 0 ] ; then\n    # print error to STDERR\n    echo \"error: The sandbox is not in sync with the Podfile.lock. Run 'pod install' or update your CocoaPods installation.\" >&2\n    exit 1\nfi\n# This output is used by Xcode 'outputs' to avoid re-running this script phase.\necho \"SUCCESS\" > \"${SCRIPT_OUTPUT_FILE_0}\"\n";
			showEnvVarsInLog = 0;
		};
/* End PBXShellScriptBuildPhase section */

/* Begin PBXSourcesBuildPhase section */
		7DBF4B4A21CACB6D00648190 /* Sources */ = {
			isa = PBXSourcesBuildPhase;
			buildActionMask = 2147483647;
			files = (
				7DBF4B6B21CAD98500648190 /* BottomNavigationStackView.swift in Sources */,
				7DBF4B5421CACB6D00648190 /* HomeController.swift in Sources */,
				7D6A036821D0265B00B672CA /* LoginViewModel.swift in Sources */,
				7D3FECDA21CC242100996F97 /* RegistrationTextField.swift in Sources */,
				7D6A036A21D0568200B672CA /* LoginView.swift in Sources */,
				7D6FA10821CD71A500C3C2D2 /* ProfileImageButton.swift in Sources */,
				7D3FECDC21CC273600996F97 /* RegistrationView.swift in Sources */,
				7D6A036D21D066AB00B672CA /* UserDetailsController.swift in Sources */,
				7DDC53FC21CB343F0061FD94 /* Advertiser.swift in Sources */,
				7D6FA10621CD682200C3C2D2 /* ProfileController.swift in Sources */,
				7DBF4B5221CACB6D00648190 /* AppDelegate.swift in Sources */,
				7DBF4B6921CAD4B600648190 /* TopNavigationStackView.swift in Sources */,
				7DDC53FA21CB2A0D0061FD94 /* CardViewModel.swift in Sources */,
				7D6FA10321CC76F900C3C2D2 /* Bindable.swift in Sources */,
				7D6FA11021CD7BF400C3C2D2 /* ProfileTextField.swift in Sources */,
				7D6FA10C21CD79AA00C3C2D2 /* ProfileSectionLabel.swift in Sources */,
				7D6A036621D0261B00B672CA /* LoginController.swift in Sources */,
				7DBF4B6D21CAE2EE00648190 /* CardView.swift in Sources */,
				7D3FECE121CC31C400996F97 /* RegistrationViewModel.swift in Sources */,
				7D6A036421D0166C00B672CA /* AgeRangeCell.swift in Sources */,
				7DBF4B6421CAD37800648190 /* Extensions+UIView.swift in Sources */,
				7D6FA10E21CD7B1B00C3C2D2 /* ProfileCell.swift in Sources */,
				7D3FECD821CC168E00996F97 /* RegistrationController.swift in Sources */,
				7DDC53F721CB26700061FD94 /* User.swift in Sources */,
			);
			runOnlyForDeploymentPostprocessing = 0;
		};
/* End PBXSourcesBuildPhase section */

/* Begin PBXVariantGroup section */
		7DBF4B5A21CACB6E00648190 /* LaunchScreen.storyboard */ = {
			isa = PBXVariantGroup;
			children = (
				7DBF4B5B21CACB6E00648190 /* Base */,
			);
			name = LaunchScreen.storyboard;
			sourceTree = "<group>";
		};
/* End PBXVariantGroup section */

/* Begin XCBuildConfiguration section */
		7DBF4B5E21CACB6E00648190 /* Debug */ = {
			isa = XCBuildConfiguration;
			buildSettings = {
				ALWAYS_SEARCH_USER_PATHS = NO;
				CLANG_ANALYZER_NONNULL = YES;
				CLANG_ANALYZER_NUMBER_OBJECT_CONVERSION = YES_AGGRESSIVE;
				CLANG_CXX_LANGUAGE_STANDARD = "gnu++14";
				CLANG_CXX_LIBRARY = "libc++";
				CLANG_ENABLE_MODULES = YES;
				CLANG_ENABLE_OBJC_ARC = YES;
				CLANG_ENABLE_OBJC_WEAK = YES;
				CLANG_WARN_BLOCK_CAPTURE_AUTORELEASING = YES;
				CLANG_WARN_BOOL_CONVERSION = YES;
				CLANG_WARN_COMMA = YES;
				CLANG_WARN_CONSTANT_CONVERSION = YES;
				CLANG_WARN_DEPRECATED_OBJC_IMPLEMENTATIONS = YES;
				CLANG_WARN_DIRECT_OBJC_ISA_USAGE = YES_ERROR;
				CLANG_WARN_DOCUMENTATION_COMMENTS = YES;
				CLANG_WARN_EMPTY_BODY = YES;
				CLANG_WARN_ENUM_CONVERSION = YES;
				CLANG_WARN_INFINITE_RECURSION = YES;
				CLANG_WARN_INT_CONVERSION = YES;
				CLANG_WARN_NON_LITERAL_NULL_CONVERSION = YES;
				CLANG_WARN_OBJC_IMPLICIT_RETAIN_SELF = YES;
				CLANG_WARN_OBJC_LITERAL_CONVERSION = YES;
				CLANG_WARN_OBJC_ROOT_CLASS = YES_ERROR;
				CLANG_WARN_RANGE_LOOP_ANALYSIS = YES;
				CLANG_WARN_STRICT_PROTOTYPES = YES;
				CLANG_WARN_SUSPICIOUS_MOVE = YES;
				CLANG_WARN_UNGUARDED_AVAILABILITY = YES_AGGRESSIVE;
				CLANG_WARN_UNREACHABLE_CODE = YES;
				CLANG_WARN__DUPLICATE_METHOD_MATCH = YES;
				CODE_SIGN_IDENTITY = "iPhone Developer";
				COPY_PHASE_STRIP = NO;
				DEBUG_INFORMATION_FORMAT = dwarf;
				ENABLE_STRICT_OBJC_MSGSEND = YES;
				ENABLE_TESTABILITY = YES;
				GCC_C_LANGUAGE_STANDARD = gnu11;
				GCC_DYNAMIC_NO_PIC = NO;
				GCC_NO_COMMON_BLOCKS = YES;
				GCC_OPTIMIZATION_LEVEL = 0;
				GCC_PREPROCESSOR_DEFINITIONS = (
					"DEBUG=1",
					"$(inherited)",
				);
				GCC_WARN_64_TO_32_BIT_CONVERSION = YES;
				GCC_WARN_ABOUT_RETURN_TYPE = YES_ERROR;
				GCC_WARN_UNDECLARED_SELECTOR = YES;
				GCC_WARN_UNINITIALIZED_AUTOS = YES_AGGRESSIVE;
				GCC_WARN_UNUSED_FUNCTION = YES;
				GCC_WARN_UNUSED_VARIABLE = YES;
				IPHONEOS_DEPLOYMENT_TARGET = 12.1;
				MTL_ENABLE_DEBUG_INFO = INCLUDE_SOURCE;
				MTL_FAST_MATH = YES;
				ONLY_ACTIVE_ARCH = YES;
				SDKROOT = iphoneos;
				SWIFT_ACTIVE_COMPILATION_CONDITIONS = DEBUG;
				SWIFT_OPTIMIZATION_LEVEL = "-Onone";
			};
			name = Debug;
		};
		7DBF4B5F21CACB6E00648190 /* Release */ = {
			isa = XCBuildConfiguration;
			buildSettings = {
				ALWAYS_SEARCH_USER_PATHS = NO;
				CLANG_ANALYZER_NONNULL = YES;
				CLANG_ANALYZER_NUMBER_OBJECT_CONVERSION = YES_AGGRESSIVE;
				CLANG_CXX_LANGUAGE_STANDARD = "gnu++14";
				CLANG_CXX_LIBRARY = "libc++";
				CLANG_ENABLE_MODULES = YES;
				CLANG_ENABLE_OBJC_ARC = YES;
				CLANG_ENABLE_OBJC_WEAK = YES;
				CLANG_WARN_BLOCK_CAPTURE_AUTORELEASING = YES;
				CLANG_WARN_BOOL_CONVERSION = YES;
				CLANG_WARN_COMMA = YES;
				CLANG_WARN_CONSTANT_CONVERSION = YES;
				CLANG_WARN_DEPRECATED_OBJC_IMPLEMENTATIONS = YES;
				CLANG_WARN_DIRECT_OBJC_ISA_USAGE = YES_ERROR;
				CLANG_WARN_DOCUMENTATION_COMMENTS = YES;
				CLANG_WARN_EMPTY_BODY = YES;
				CLANG_WARN_ENUM_CONVERSION = YES;
				CLANG_WARN_INFINITE_RECURSION = YES;
				CLANG_WARN_INT_CONVERSION = YES;
				CLANG_WARN_NON_LITERAL_NULL_CONVERSION = YES;
				CLANG_WARN_OBJC_IMPLICIT_RETAIN_SELF = YES;
				CLANG_WARN_OBJC_LITERAL_CONVERSION = YES;
				CLANG_WARN_OBJC_ROOT_CLASS = YES_ERROR;
				CLANG_WARN_RANGE_LOOP_ANALYSIS = YES;
				CLANG_WARN_STRICT_PROTOTYPES = YES;
				CLANG_WARN_SUSPICIOUS_MOVE = YES;
				CLANG_WARN_UNGUARDED_AVAILABILITY = YES_AGGRESSIVE;
				CLANG_WARN_UNREACHABLE_CODE = YES;
				CLANG_WARN__DUPLICATE_METHOD_MATCH = YES;
				CODE_SIGN_IDENTITY = "iPhone Developer";
				COPY_PHASE_STRIP = NO;
				DEBUG_INFORMATION_FORMAT = "dwarf-with-dsym";
				ENABLE_NS_ASSERTIONS = NO;
				ENABLE_STRICT_OBJC_MSGSEND = YES;
				GCC_C_LANGUAGE_STANDARD = gnu11;
				GCC_NO_COMMON_BLOCKS = YES;
				GCC_WARN_64_TO_32_BIT_CONVERSION = YES;
				GCC_WARN_ABOUT_RETURN_TYPE = YES_ERROR;
				GCC_WARN_UNDECLARED_SELECTOR = YES;
				GCC_WARN_UNINITIALIZED_AUTOS = YES_AGGRESSIVE;
				GCC_WARN_UNUSED_FUNCTION = YES;
				GCC_WARN_UNUSED_VARIABLE = YES;
				IPHONEOS_DEPLOYMENT_TARGET = 12.1;
				MTL_ENABLE_DEBUG_INFO = NO;
				MTL_FAST_MATH = YES;
				SDKROOT = iphoneos;
				SWIFT_COMPILATION_MODE = wholemodule;
				SWIFT_OPTIMIZATION_LEVEL = "-O";
				VALIDATE_PRODUCT = YES;
			};
			name = Release;
		};
		7DBF4B6121CACB6E00648190 /* Debug */ = {
			isa = XCBuildConfiguration;
			baseConfigurationReference = CAAD1C7EE6DA20BA057D1073 /* Pods-Tinder.debug.xcconfig */;
			buildSettings = {
				ASSETCATALOG_COMPILER_APPICON_NAME = AppIcon;
				CODE_SIGN_STYLE = Automatic;
				DEVELOPMENT_TEAM = 3TDSAUM76X;
				INFOPLIST_FILE = Tinder/Info.plist;
				LD_RUNPATH_SEARCH_PATHS = (
					"$(inherited)",
					"@executable_path/Frameworks",
				);
				PRODUCT_BUNDLE_IDENTIFIER = com.ngo.jason.Tinder;
				PRODUCT_NAME = "$(TARGET_NAME)";
				SWIFT_VERSION = 4.2;
				TARGETED_DEVICE_FAMILY = "1,2";
			};
			name = Debug;
		};
		7DBF4B6221CACB6E00648190 /* Release */ = {
			isa = XCBuildConfiguration;
			baseConfigurationReference = 13ED7EAA30A4FF18B5C98362 /* Pods-Tinder.release.xcconfig */;
			buildSettings = {
				ASSETCATALOG_COMPILER_APPICON_NAME = AppIcon;
				CODE_SIGN_STYLE = Automatic;
				DEVELOPMENT_TEAM = 3TDSAUM76X;
				INFOPLIST_FILE = Tinder/Info.plist;
				LD_RUNPATH_SEARCH_PATHS = (
					"$(inherited)",
					"@executable_path/Frameworks",
				);
				PRODUCT_BUNDLE_IDENTIFIER = com.ngo.jason.Tinder;
				PRODUCT_NAME = "$(TARGET_NAME)";
				SWIFT_VERSION = 4.2;
				TARGETED_DEVICE_FAMILY = "1,2";
			};
			name = Release;
		};
/* End XCBuildConfiguration section */

/* Begin XCConfigurationList section */
		7DBF4B4921CACB6D00648190 /* Build configuration list for PBXProject "Tinder" */ = {
			isa = XCConfigurationList;
			buildConfigurations = (
				7DBF4B5E21CACB6E00648190 /* Debug */,
				7DBF4B5F21CACB6E00648190 /* Release */,
			);
			defaultConfigurationIsVisible = 0;
			defaultConfigurationName = Release;
		};
		7DBF4B6021CACB6E00648190 /* Build configuration list for PBXNativeTarget "Tinder" */ = {
			isa = XCConfigurationList;
			buildConfigurations = (
				7DBF4B6121CACB6E00648190 /* Debug */,
				7DBF4B6221CACB6E00648190 /* Release */,
			);
			defaultConfigurationIsVisible = 0;
			defaultConfigurationName = Release;
		};
/* End XCConfigurationList section */
	};
	rootObject = 7DBF4B4621CACB6D00648190 /* Project object */;
}
